
Microsoft Visual Studio Solution File, Format Version 12.00
# Visual Studio Version 17
VisualStudioVersion = 17.0.31903.59
MinimumVisualStudioVersion = 10.0.40219.1
Project("{9A19103F-16F7-4668-BE54-9A1E7A4F7556}") = "Canyala.Lagoon", "Canyala.Lagoon\Canyala.Lagoon.csproj", "{94C74023-32B9-4D6E-B86E-07DBE3AA18A3}"
EndProject
Project("{9A19103F-16F7-4668-BE54-9A1E7A4F7556}") = "Canyala.Lagoon.Net", "Canyala.Lagoon.Net\Canyala.Lagoon.Net.csproj", "{1AAC1AC6-FC39-41D6-A571-1A6E18CA12C3}"
EndProject
Project("{9A19103F-16F7-4668-BE54-9A1E7A4F7556}") = "Canyala.Lagoon.Web", "Canyala.Lagoon.Web\Canyala.Lagoon.Web.csproj", "{F9FB683B-EAEA-4996-AFE9-DD87072D192C}"
EndProject
Project("{9A19103F-16F7-4668-BE54-9A1E7A4F7556}") = "Canyala.Lagoon.Windows", "Canyala.Lagoon.Windows\Canyala.Lagoon.Windows.csproj", "{FBA13765-0484-4E0B-82A6-3DC5462E9051}"
EndProject
Project("{9A19103F-16F7-4668-BE54-9A1E7A4F7556}") = "Canyala.Lagoon.Test", "Canyala.Lagoon.Test\Canyala.Lagoon.Test.csproj", "{C8A81E2D-3BF4-4380-B0D8-1F777302AF67}"
EndProject
Global
	GlobalSection(SolutionConfigurationPlatforms) = preSolution
		Debug|Any CPU = Debug|Any CPU
		Release|Any CPU = Release|Any CPU
	EndGlobalSection
	GlobalSection(ProjectConfigurationPlatforms) = postSolution
		{94C74023-32B9-4D6E-B86E-07DBE3AA18A3}.Debug|Any CPU.ActiveCfg = Debug|Any CPU
		{94C74023-32B9-4D6E-B86E-07DBE3AA18A3}.Debug|Any CPU.Build.0 = Debug|Any CPU
		{94C74023-32B9-4D6E-B86E-07DBE3AA18A3}.Release|Any CPU.ActiveCfg = Release|Any CPU
		{94C74023-32B9-4D6E-B86E-07DBE3AA18A3}.Release|Any CPU.Build.0 = Release|Any CPU
		{1AAC1AC6-FC39-41D6-A571-1A6E18CA12C3}.Debug|Any CPU.ActiveCfg = Debug|Any CPU
		{1AAC1AC6-FC39-41D6-A571-1A6E18CA12C3}.Debug|Any CPU.Build.0 = Debug|Any CPU
		{1AAC1AC6-FC39-41D6-A571-1A6E18CA12C3}.Release|Any CPU.ActiveCfg = Release|Any CPU
		{1AAC1AC6-FC39-41D6-A571-1A6E18CA12C3}.Release|Any CPU.Build.0 = Release|Any CPU
		{F9FB683B-EAEA-4996-AFE9-DD87072D192C}.Debug|Any CPU.ActiveCfg = Debug|Any CPU
		{F9FB683B-EAEA-4996-AFE9-DD87072D192C}.Debug|Any CPU.Build.0 = Debug|Any CPU
		{F9FB683B-EAEA-4996-AFE9-DD87072D192C}.Release|Any CPU.ActiveCfg = Release|Any CPU
		{F9FB683B-EAEA-4996-AFE9-DD87072D192C}.Release|Any CPU.Build.0 = Release|Any CPU
		{FBA13765-0484-4E0B-82A6-3DC5462E9051}.Debug|Any CPU.ActiveCfg = Debug|Any CPU
		{FBA13765-0484-4E0B-82A6-3DC5462E9051}.Debug|Any CPU.Build.0 = Debug|Any CPU
		{FBA13765-0484-4E0B-82A6-3DC5462E9051}.Release|Any CPU.ActiveCfg = Release|Any CPU
		{FBA13765-0484-4E0B-82A6-3DC5462E9051}.Release|Any CPU.Build.0 = Release|Any CPU
		{C8A81E2D-3BF4-4380-B0D8-1F777302AF67}.Debug|Any CPU.ActiveCfg = Debug|Any CPU
		{C8A81E2D-3BF4-4380-B0D8-1F777302AF67}.Debug|Any CPU.Build.0 = Debug|Any CPU
		{C8A81E2D-3BF4-4380-B0D8-1F777302AF67}.Release|Any CPU.ActiveCfg = Release|Any CPU
		{C8A81E2D-3BF4-4380-B0D8-1F777302AF67}.Release|Any CPU.Build.0 = Release|Any CPU
	EndGlobalSection
	GlobalSection(SolutionProperties) = preSolution
		HideSolutionNode = FALSE
	EndGlobalSection
	GlobalSection(ExtensibilityGlobals) = postSolution
		SolutionGuid = {411A48CF-EA70-472E-BC1C-0D0A625E743C}
	EndGlobalSection
EndGlobal
